
Microsoft Visual Studio Solution File, Format Version 12.00
# Visual Studio Version 16
VisualStudioVersion = 16.0.30717.126
MinimumVisualStudioVersion = 10.0.40219.1
Project("{FAE04EC0-301F-11D3-BF4B-00C04F79EFBC}") = "DSAMadeEasyProject", "DSAMadeEasyProject\DSAMadeEasyProject.csproj", "{F3DD9706-E484-4430-9AE9-CA7646A418FC}"
EndProject
Global
	GlobalSection(SolutionConfigurationPlatforms) = preSolution
		Debug|Any CPU = Debug|Any CPU
		Release|Any CPU = Release|Any CPU
	EndGlobalSection
	GlobalSection(ProjectConfigurationPlatforms) = postSolution
		{F3DD9706-E484-4430-9AE9-CA7646A418FC}.Debug|Any CPU.ActiveCfg = Debug|Any CPU
		{F3DD9706-E484-4430-9AE9-CA7646A418FC}.Debug|Any CPU.Build.0 = Debug|Any CPU
		{F3DD9706-E484-4430-9AE9-CA7646A418FC}.Release|Any CPU.ActiveCfg = Release|Any CPU
		{F3DD9706-E484-4430-9AE9-CA7646A418FC}.Release|Any CPU.Build.0 = Release|Any CPU
	EndGlobalSection
	GlobalSection(SolutionProperties) = preSolution
		HideSolutionNode = FALSE
	EndGlobalSection
	GlobalSection(ExtensibilityGlobals) = postSolution
		SolutionGuid = {34D02116-CAEF-4308-A9F4-D5AABC8E1BBC}
	EndGlobalSection
EndGlobal
